<?xml version="1.0" encoding="utf-8"?>
<Project ToolsVersion="4.0" xmlns="http://schemas.microsoft.com/developer/msbuild/2003">
  <ItemGroup>
    <Filter Include="Source Files">
      <UniqueIdentifier>{4FC737F1-C7A5-4376-A066-2A32D752A2FF}</UniqueIdentifier>
      <Extensions>cpp;c;cc;cxx;c++;cppm;ixx;def;odl;idl;hpj;bat;asm;asmx</Extensions>
    </Filter>
    <Filter Include="Header Files">
      <UniqueIdentifier>{93995380-89BD-4b04-88EB-625FBE52EBFB}</UniqueIdentifier>
      <Extensions>h;hh;hpp;hxx;h++;hm;inl;inc;ipp;xsd</Extensions>
    </Filter>
    <Filter Include="Resource Files">
      <UniqueIdentifier>{67DA6AB6-F800-4c08-8B7A-83BB121AAD01}</UniqueIdentifier>
      <Extensions>rc;ico;cur;bmp;dlg;rc2;rct;bin;rgs;gif;jpg;jpeg;jpe;resx;tiff;tif;png;wav;mfcribbon-ms</Extensions>
    </Filter>
    <Filter Include="Managers">
      <UniqueIdentifier>{c4a5462e-5c72-41d1-9269-975410708adb}</UniqueIdentifier>
    </Filter>
  </ItemGroup>
  <ItemGroup>
    <ClCompile Include="main.cpp">
      <Filter>Source Files</Filter>
    </ClCompile>
    <ClCompile Include="resouce_files\Utils.cpp">
      <Filter>Resource Files</Filter>
    </ClCompile>
    <ClCompile Include="managers\MenuManager.cpp">
      <Filter>Managers</Filter>
    </ClCompile>
    <ClCompile Include="managers\NarrationManager.cpp">
      <Filter>Managers</Filter>
    </ClCompile>
    <ClCompile Include="managers\ScenesManager.cpp">
      <Filter>Managers</Filter>
    </ClCompile>
    <ClCompile Include="resouce_files\DebugMessageSystem.cpp">
      <Filter>Resource Files</Filter>
    </ClCompile>
    <ClCompile Include="managers\UserInputManager.cpp">
      <Filter>Managers</Filter>
    </ClCompile>
  </ItemGroup>
  <ItemGroup>
    <Image Include="resouce_files\GameArtEnding.jpg">
      <Filter>Resource Files</Filter>
    </Image>
  </ItemGroup>
  <ItemGroup>
    <Text Include="resouce_files\NarrationText.txt">
      <Filter>Resource Files</Filter>
    </Text>
    <Text Include="resouce_files\MainMenu.txt">
      <Filter>Resource Files</Filter>
    </Text>
    <Text Include="resouce_files\ScenesArt.txt">
      <Filter>Resource Files</Filter>
    </Text>
    <Text Include="resouce_files\MenuText.txt">
      <Filter>Resource Files</Filter>
    </Text>
  </ItemGroup>
  <ItemGroup>
    <ClInclude Include="header_files\UserInputManager.h">
      <Filter>Header Files</Filter>
    </ClInclude>
    <ClInclude Include="header_files\Utils.h">
      <Filter>Header Files</Filter>
    </ClInclude>
    <ClInclude Include="header_files\ScenesManager.h">
      <Filter>Header Files</Filter>
    </ClInclude>
    <ClInclude Include="header_files\DebugMessageSystem.h">
      <Filter>Header Files</Filter>
    </ClInclude>
    <ClInclude Include="header_files\MenuManager.h">
      <Filter>Header Files</Filter>
    </ClInclude>
    <ClInclude Include="header_files\NarrationManager.h">
      <Filter>Header Files</Filter>
    </ClInclude>
    <ClInclude Include="header_files\ScenesControllers.h">
      <Filter>Header Files</Filter>
    </ClInclude>
  </ItemGroup>
</Project>